<?xml version="1.0" encoding="utf-8"?>
<Project ToolsVersion="4.0" xmlns="http://schemas.microsoft.com/developer/msbuild/2003">
  <ItemGroup>
    <Filter Include="Archivos de origen">
      <UniqueIdentifier>{4FC737F1-C7A5-4376-A066-2A32D752A2FF}</UniqueIdentifier>
      <Extensions>cpp;c;cc;cxx;def;odl;idl;hpj;bat;asm;asmx</Extensions>
    </Filter>
    <Filter Include="Archivos de encabezado">
      <UniqueIdentifier>{93995380-89BD-4b04-88EB-625FBE52EBFB}</UniqueIdentifier>
      <Extensions>h;hh;hpp;hxx;hm;inl;inc;ipp;xsd</Extensions>
    </Filter>
    <Filter Include="Archivos de recursos">
      <UniqueIdentifier>{67DA6AB6-F800-4c08-8B7A-83BB121AAD01}</UniqueIdentifier>
      <Extensions>rc;ico;cur;bmp;dlg;rc2;rct;bin;rgs;gif;jpg;jpeg;jpe;resx;tiff;tif;png;wav;mfcribbon-ms</Extensions>
    </Filter>
    <Filter Include="Archivos de recursos\Shaders">
      <UniqueIdentifier>{07a2f855-11b9-4f2f-a302-1e2feae8a66e}</UniqueIdentifier>
    </Filter>
    <Filter Include="Api">
      <UniqueIdentifier>{0d06155b-eb54-4216-9c52-89f895526fa8}</UniqueIdentifier>
    </Filter>
    <Filter Include="Api\encabezado">
      <UniqueIdentifier>{c739ea63-21e4-49b8-872b-e44833d5e112}</UniqueIdentifier>
    </Filter>
    <Filter Include="Api\archivos de origen">
      <UniqueIdentifier>{f32a340a-4cf9-470a-ab1b-e19b0d99cc64}</UniqueIdentifier>
    </Filter>
  </ItemGroup>
  <ItemGroup>
    <ClCompile Include="main.cpp">
      <Filter>Archivos de origen</Filter>
    </ClCompile>
    <ClCompile Include="glad.c">
      <Filter>Archivos de origen</Filter>
    </ClCompile>
    <ClCompile Include="Shader.cpp">
      <Filter>Archivos de origen</Filter>
    </ClCompile>
    <ClCompile Include="stb_image.cpp">
      <Filter>Archivos de origen</Filter>
    </ClCompile>
    <ClCompile Include="components\loader.cpp">
      <Filter>Archivos de origen</Filter>
    </ClCompile>
    <ClCompile Include="components\Obj.cpp">
      <Filter>Archivos de origen</Filter>
    </ClCompile>
    <ClCompile Include="components\camera.cpp">
      <Filter>Archivos de origen</Filter>
    </ClCompile>
    <ClCompile Include="Api\Gpu\mainGPU.cpp">
      <Filter>Api\archivos de origen</Filter>
    </ClCompile>
    <ClCompile Include="components\userinterface.cpp">
      <Filter>Archivos de origen</Filter>
    </ClCompile>
  </ItemGroup>
  <ItemGroup>
    <ClInclude Include="Shader.h">
      <Filter>Archivos de encabezado</Filter>
    </ClInclude>
    <ClInclude Include="define.h">
      <Filter>Archivos de encabezado</Filter>
    </ClInclude>
    <ClInclude Include="components\camera.h">
      <Filter>Archivos de encabezado</Filter>
    </ClInclude>
    <ClInclude Include="components\Obj.h">
      <Filter>Archivos de encabezado</Filter>
    </ClInclude>
    <ClInclude Include="components\loader.h">
      <Filter>Archivos de encabezado</Filter>
    </ClInclude>
    <ClInclude Include="Api\Apipdi.h">
      <Filter>Api</Filter>
    </ClInclude>
    <ClInclude Include="Api\Gpu\mainGPU.h">
      <Filter>Api\encabezado</Filter>
    </ClInclude>
    <ClInclude Include="Api\Cpu\mainCPU.h">
      <Filter>Api\encabezado</Filter>
    </ClInclude>
    <ClInclude Include="components\userInterface.h">
      <Filter>Archivos de encabezado</Filter>
    </ClInclude>
  </ItemGroup>
  <ItemGroup>
    <None Include="assets\shaders\basic.frag">
      <Filter>Archivos de recursos\Shaders</Filter>
    </None>
    <None Include="assets\shaders\basic.vert">
      <Filter>Archivos de recursos\Shaders</Filter>
    </None>
  </ItemGroup>
</Project>